
Microsoft Visual Studio Solution File, Format Version 12.00
# Visual Studio Version 16
VisualStudioVersion = 16.0.33027.164
MinimumVisualStudioVersion = 10.0.40219.1
Project("{FAE04EC0-301F-11D3-BF4B-00C04F79EFBC}") = "Aplicacion1", "Aplicacion1\Aplicacion1.csproj", "{D5D10304-7DDC-4E7A-9274-47E372AA84C1}"
EndProject
Project("{FAE04EC0-301F-11D3-BF4B-00C04F79EFBC}") = "Metodos", "Metodos\Metodos.csproj", "{6EA28706-F56E-4DE3-871A-BD569969ECFD}"
EndProject
Project("{FAE04EC0-301F-11D3-BF4B-00C04F79EFBC}") = "CondicionalF", "CondicionalF\CondicionalF.csproj", "{E317405B-7641-47D6-997D-F9D869EF2D2F}"
EndProject
Project("{FAE04EC0-301F-11D3-BF4B-00C04F79EFBC}") = "Excepciones", "Excepciones\Excepciones.csproj", "{EC492945-68BF-4C36-BBDF-5BB141EF8C73}"
EndProject
Project("{FAE04EC0-301F-11D3-BF4B-00C04F79EFBC}") = "CheckeUnchecked", "CheckeUnchecked\CheckeUnchecked.csproj", "{FF3C2272-D672-41AB-A7E2-FAFB402EBD9A}"
EndProject
Project("{FAE04EC0-301F-11D3-BF4B-00C04F79EFBC}") = "LecturaArchivoTexto", "LecturaArchivoTexto\LecturaArchivoTexto.csproj", "{122D7FD1-D3DD-4E99-8CD9-B8A6C2CF97AF}"
EndProject
Project("{FAE04EC0-301F-11D3-BF4B-00C04F79EFBC}") = "POO-Ejemplo1", "POO-Ejemplo1\POO-Ejemplo1.csproj", "{56C919A7-D105-4D8A-900D-F33F2F429202}"
EndProject
Project("{FAE04EC0-301F-11D3-BF4B-00C04F79EFBC}") = "POO-Ejemplo2", "POO-Ejemplo2\POO-Ejemplo2.csproj", "{DF268B10-E4A4-41AB-A0E1-DD4FCD6F82CE}"
EndProject
Project("{FAE04EC0-301F-11D3-BF4B-00C04F79EFBC}") = "POO-Ejemplo3", "POO-Ejemplo3\POO-Ejemplo3.csproj", "{0A71C945-5CB7-41AE-98B1-40E27ED29CED}"
EndProject
Project("{FAE04EC0-301F-11D3-BF4B-00C04F79EFBC}") = "ARRAY-1", "ARRAY-1\ARRAY-1.csproj", "{C18418A5-640D-4DCE-9BA4-A5E4A5007A76}"
EndProject
Project("{FAE04EC0-301F-11D3-BF4B-00C04F79EFBC}") = "POO-Herencia1", "POO-Herencia1\POO-Herencia1.csproj", "{F120516F-9C10-49B6-9BD4-5F4DA10A5711}"
EndProject
Project("{FAE04EC0-301F-11D3-BF4B-00C04F79EFBC}") = "POO-Herencia2", "POO-Herencia2\POO-Herencia2.csproj", "{60E5A740-FE71-4797-BC18-A4069E7CA265}"
EndProject
Project("{FAE04EC0-301F-11D3-BF4B-00C04F79EFBC}") = "POO-Interfaces", "POO-Interfaces\POO-Interfaces.csproj", "{D0187F91-F839-433B-B5EB-93F603630FD3}"
EndProject
Project("{FAE04EC0-301F-11D3-BF4B-00C04F79EFBC}") = "Enumerados", "Enumerados\Enumerados.csproj", "{051E2B37-CA37-4871-A9AF-5340F523D7D2}"
EndProject
Project("{FAE04EC0-301F-11D3-BF4B-00C04F79EFBC}") = "Destructores", "Destructores\Destructores.csproj", "{F4335581-716B-4031-85B1-3F9B480F9BAA}"
EndProject
Project("{FAE04EC0-301F-11D3-BF4B-00C04F79EFBC}") = "Genericos", "Genericos\Genericos.csproj", "{73B45F27-A6DD-41D6-8245-BABF48CE4DB5}"
EndProject
Project("{FAE04EC0-301F-11D3-BF4B-00C04F79EFBC}") = "Genericos2", "Genericos2\Genericos2.csproj", "{F7C30B18-4BCD-4864-BB4A-93F750CC35F5}"
EndProject
Project("{FAE04EC0-301F-11D3-BF4B-00C04F79EFBC}") = "Colecciones", "Colecciones\Colecciones.csproj", "{CA60B1A7-0130-49EA-B922-3AB5DD0B7520}"
EndProject
Project("{FAE04EC0-301F-11D3-BF4B-00C04F79EFBC}") = "Delegados", "Delegados\Delegados.csproj", "{0E9D7B3E-9B97-40E3-9293-FF9EC35713CE}"
EndProject
Project("{FAE04EC0-301F-11D3-BF4B-00C04F79EFBC}") = "Delegados-Predicate", "Delegados-Predicate\Delegados-Predicate.csproj", "{9AFB2A5E-D83C-4FE6-A8F9-01DA6B3A1830}"
EndProject
Project("{FAE04EC0-301F-11D3-BF4B-00C04F79EFBC}") = "ExpresionesLambda", "ExpresionesLambda\ExpresionesLambda.csproj", "{68E68BFF-CACD-4C2C-A8AE-C60B3E4F0C68}"
EndProject
Project("{FAE04EC0-301F-11D3-BF4B-00C04F79EFBC}") = "ExpresionesRegulares", "ExpresionesRegulares\ExpresionesRegulares.csproj", "{86CDB976-A4FA-4F1B-9740-5A19F9FB86EF}"
EndProject
Global
	GlobalSection(SolutionConfigurationPlatforms) = preSolution
		Debug|Any CPU = Debug|Any CPU
		Release|Any CPU = Release|Any CPU
	EndGlobalSection
	GlobalSection(ProjectConfigurationPlatforms) = postSolution
		{D5D10304-7DDC-4E7A-9274-47E372AA84C1}.Debug|Any CPU.ActiveCfg = Debug|Any CPU
		{D5D10304-7DDC-4E7A-9274-47E372AA84C1}.Debug|Any CPU.Build.0 = Debug|Any CPU
		{D5D10304-7DDC-4E7A-9274-47E372AA84C1}.Release|Any CPU.ActiveCfg = Release|Any CPU
		{D5D10304-7DDC-4E7A-9274-47E372AA84C1}.Release|Any CPU.Build.0 = Release|Any CPU
		{6EA28706-F56E-4DE3-871A-BD569969ECFD}.Debug|Any CPU.ActiveCfg = Debug|Any CPU
		{6EA28706-F56E-4DE3-871A-BD569969ECFD}.Debug|Any CPU.Build.0 = Debug|Any CPU
		{6EA28706-F56E-4DE3-871A-BD569969ECFD}.Release|Any CPU.ActiveCfg = Release|Any CPU
		{6EA28706-F56E-4DE3-871A-BD569969ECFD}.Release|Any CPU.Build.0 = Release|Any CPU
		{E317405B-7641-47D6-997D-F9D869EF2D2F}.Debug|Any CPU.ActiveCfg = Debug|Any CPU
		{E317405B-7641-47D6-997D-F9D869EF2D2F}.Debug|Any CPU.Build.0 = Debug|Any CPU
		{E317405B-7641-47D6-997D-F9D869EF2D2F}.Release|Any CPU.ActiveCfg = Release|Any CPU
		{E317405B-7641-47D6-997D-F9D869EF2D2F}.Release|Any CPU.Build.0 = Release|Any CPU
		{EC492945-68BF-4C36-BBDF-5BB141EF8C73}.Debug|Any CPU.ActiveCfg = Debug|Any CPU
		{EC492945-68BF-4C36-BBDF-5BB141EF8C73}.Debug|Any CPU.Build.0 = Debug|Any CPU
		{EC492945-68BF-4C36-BBDF-5BB141EF8C73}.Release|Any CPU.ActiveCfg = Release|Any CPU
		{EC492945-68BF-4C36-BBDF-5BB141EF8C73}.Release|Any CPU.Build.0 = Release|Any CPU
		{FF3C2272-D672-41AB-A7E2-FAFB402EBD9A}.Debug|Any CPU.ActiveCfg = Debug|Any CPU
		{FF3C2272-D672-41AB-A7E2-FAFB402EBD9A}.Debug|Any CPU.Build.0 = Debug|Any CPU
		{FF3C2272-D672-41AB-A7E2-FAFB402EBD9A}.Release|Any CPU.ActiveCfg = Release|Any CPU
		{FF3C2272-D672-41AB-A7E2-FAFB402EBD9A}.Release|Any CPU.Build.0 = Release|Any CPU
		{122D7FD1-D3DD-4E99-8CD9-B8A6C2CF97AF}.Debug|Any CPU.ActiveCfg = Debug|Any CPU
		{122D7FD1-D3DD-4E99-8CD9-B8A6C2CF97AF}.Debug|Any CPU.Build.0 = Debug|Any CPU
		{122D7FD1-D3DD-4E99-8CD9-B8A6C2CF97AF}.Release|Any CPU.ActiveCfg = Release|Any CPU
		{122D7FD1-D3DD-4E99-8CD9-B8A6C2CF97AF}.Release|Any CPU.Build.0 = Release|Any CPU
		{56C919A7-D105-4D8A-900D-F33F2F429202}.Debug|Any CPU.ActiveCfg = Debug|Any CPU
		{56C919A7-D105-4D8A-900D-F33F2F429202}.Debug|Any CPU.Build.0 = Debug|Any CPU
		{56C919A7-D105-4D8A-900D-F33F2F429202}.Release|Any CPU.ActiveCfg = Release|Any CPU
		{56C919A7-D105-4D8A-900D-F33F2F429202}.Release|Any CPU.Build.0 = Release|Any CPU
		{DF268B10-E4A4-41AB-A0E1-DD4FCD6F82CE}.Debug|Any CPU.ActiveCfg = Debug|Any CPU
		{DF268B10-E4A4-41AB-A0E1-DD4FCD6F82CE}.Debug|Any CPU.Build.0 = Debug|Any CPU
		{DF268B10-E4A4-41AB-A0E1-DD4FCD6F82CE}.Release|Any CPU.ActiveCfg = Release|Any CPU
		{DF268B10-E4A4-41AB-A0E1-DD4FCD6F82CE}.Release|Any CPU.Build.0 = Release|Any CPU
		{0A71C945-5CB7-41AE-98B1-40E27ED29CED}.Debug|Any CPU.ActiveCfg = Debug|Any CPU
		{0A71C945-5CB7-41AE-98B1-40E27ED29CED}.Debug|Any CPU.Build.0 = Debug|Any CPU
		{0A71C945-5CB7-41AE-98B1-40E27ED29CED}.Release|Any CPU.ActiveCfg = Release|Any CPU
		{0A71C945-5CB7-41AE-98B1-40E27ED29CED}.Release|Any CPU.Build.0 = Release|Any CPU
		{C18418A5-640D-4DCE-9BA4-A5E4A5007A76}.Debug|Any CPU.ActiveCfg = Debug|Any CPU
		{C18418A5-640D-4DCE-9BA4-A5E4A5007A76}.Debug|Any CPU.Build.0 = Debug|Any CPU
		{C18418A5-640D-4DCE-9BA4-A5E4A5007A76}.Release|Any CPU.ActiveCfg = Release|Any CPU
		{C18418A5-640D-4DCE-9BA4-A5E4A5007A76}.Release|Any CPU.Build.0 = Release|Any CPU
		{F120516F-9C10-49B6-9BD4-5F4DA10A5711}.Debug|Any CPU.ActiveCfg = Debug|Any CPU
		{F120516F-9C10-49B6-9BD4-5F4DA10A5711}.Debug|Any CPU.Build.0 = Debug|Any CPU
		{F120516F-9C10-49B6-9BD4-5F4DA10A5711}.Release|Any CPU.ActiveCfg = Release|Any CPU
		{F120516F-9C10-49B6-9BD4-5F4DA10A5711}.Release|Any CPU.Build.0 = Release|Any CPU
		{60E5A740-FE71-4797-BC18-A4069E7CA265}.Debug|Any CPU.ActiveCfg = Debug|Any CPU
		{60E5A740-FE71-4797-BC18-A4069E7CA265}.Debug|Any CPU.Build.0 = Debug|Any CPU
		{60E5A740-FE71-4797-BC18-A4069E7CA265}.Release|Any CPU.ActiveCfg = Release|Any CPU
		{60E5A740-FE71-4797-BC18-A4069E7CA265}.Release|Any CPU.Build.0 = Release|Any CPU
		{D0187F91-F839-433B-B5EB-93F603630FD3}.Debug|Any CPU.ActiveCfg = Debug|Any CPU
		{D0187F91-F839-433B-B5EB-93F603630FD3}.Debug|Any CPU.Build.0 = Debug|Any CPU
		{D0187F91-F839-433B-B5EB-93F603630FD3}.Release|Any CPU.ActiveCfg = Release|Any CPU
		{D0187F91-F839-433B-B5EB-93F603630FD3}.Release|Any CPU.Build.0 = Release|Any CPU
		{051E2B37-CA37-4871-A9AF-5340F523D7D2}.Debug|Any CPU.ActiveCfg = Debug|Any CPU
		{051E2B37-CA37-4871-A9AF-5340F523D7D2}.Debug|Any CPU.Build.0 = Debug|Any CPU
		{051E2B37-CA37-4871-A9AF-5340F523D7D2}.Release|Any CPU.ActiveCfg = Release|Any CPU
		{051E2B37-CA37-4871-A9AF-5340F523D7D2}.Release|Any CPU.Build.0 = Release|Any CPU
		{F4335581-716B-4031-85B1-3F9B480F9BAA}.Debug|Any CPU.ActiveCfg = Debug|Any CPU
		{F4335581-716B-4031-85B1-3F9B480F9BAA}.Debug|Any CPU.Build.0 = Debug|Any CPU
		{F4335581-716B-4031-85B1-3F9B480F9BAA}.Release|Any CPU.ActiveCfg = Release|Any CPU
		{F4335581-716B-4031-85B1-3F9B480F9BAA}.Release|Any CPU.Build.0 = Release|Any CPU
		{73B45F27-A6DD-41D6-8245-BABF48CE4DB5}.Debug|Any CPU.ActiveCfg = Debug|Any CPU
		{73B45F27-A6DD-41D6-8245-BABF48CE4DB5}.Debug|Any CPU.Build.0 = Debug|Any CPU
		{73B45F27-A6DD-41D6-8245-BABF48CE4DB5}.Release|Any CPU.ActiveCfg = Release|Any CPU
		{73B45F27-A6DD-41D6-8245-BABF48CE4DB5}.Release|Any CPU.Build.0 = Release|Any CPU
		{F7C30B18-4BCD-4864-BB4A-93F750CC35F5}.Debug|Any CPU.ActiveCfg = Debug|Any CPU
		{F7C30B18-4BCD-4864-BB4A-93F750CC35F5}.Debug|Any CPU.Build.0 = Debug|Any CPU
		{F7C30B18-4BCD-4864-BB4A-93F750CC35F5}.Release|Any CPU.ActiveCfg = Release|Any CPU
		{F7C30B18-4BCD-4864-BB4A-93F750CC35F5}.Release|Any CPU.Build.0 = Release|Any CPU
		{CA60B1A7-0130-49EA-B922-3AB5DD0B7520}.Debug|Any CPU.ActiveCfg = Debug|Any CPU
		{CA60B1A7-0130-49EA-B922-3AB5DD0B7520}.Debug|Any CPU.Build.0 = Debug|Any CPU
		{CA60B1A7-0130-49EA-B922-3AB5DD0B7520}.Release|Any CPU.ActiveCfg = Release|Any CPU
		{CA60B1A7-0130-49EA-B922-3AB5DD0B7520}.Release|Any CPU.Build.0 = Release|Any CPU
		{0E9D7B3E-9B97-40E3-9293-FF9EC35713CE}.Debug|Any CPU.ActiveCfg = Debug|Any CPU
		{0E9D7B3E-9B97-40E3-9293-FF9EC35713CE}.Debug|Any CPU.Build.0 = Debug|Any CPU
		{0E9D7B3E-9B97-40E3-9293-FF9EC35713CE}.Release|Any CPU.ActiveCfg = Release|Any CPU
		{0E9D7B3E-9B97-40E3-9293-FF9EC35713CE}.Release|Any CPU.Build.0 = Release|Any CPU
		{9AFB2A5E-D83C-4FE6-A8F9-01DA6B3A1830}.Debug|Any CPU.ActiveCfg = Debug|Any CPU
		{9AFB2A5E-D83C-4FE6-A8F9-01DA6B3A1830}.Debug|Any CPU.Build.0 = Debug|Any CPU
		{9AFB2A5E-D83C-4FE6-A8F9-01DA6B3A1830}.Release|Any CPU.ActiveCfg = Release|Any CPU
		{9AFB2A5E-D83C-4FE6-A8F9-01DA6B3A1830}.Release|Any CPU.Build.0 = Release|Any CPU
		{68E68BFF-CACD-4C2C-A8AE-C60B3E4F0C68}.Debug|Any CPU.ActiveCfg = Debug|Any CPU
		{68E68BFF-CACD-4C2C-A8AE-C60B3E4F0C68}.Debug|Any CPU.Build.0 = Debug|Any CPU
		{68E68BFF-CACD-4C2C-A8AE-C60B3E4F0C68}.Release|Any CPU.ActiveCfg = Release|Any CPU
		{68E68BFF-CACD-4C2C-A8AE-C60B3E4F0C68}.Release|Any CPU.Build.0 = Release|Any CPU
		{86CDB976-A4FA-4F1B-9740-5A19F9FB86EF}.Debug|Any CPU.ActiveCfg = Debug|Any CPU
		{86CDB976-A4FA-4F1B-9740-5A19F9FB86EF}.Debug|Any CPU.Build.0 = Debug|Any CPU
		{86CDB976-A4FA-4F1B-9740-5A19F9FB86EF}.Release|Any CPU.ActiveCfg = Release|Any CPU
		{86CDB976-A4FA-4F1B-9740-5A19F9FB86EF}.Release|Any CPU.Build.0 = Release|Any CPU
	EndGlobalSection
	GlobalSection(SolutionProperties) = preSolution
		HideSolutionNode = FALSE
	EndGlobalSection
	GlobalSection(ExtensibilityGlobals) = postSolution
		SolutionGuid = {C8775FC7-2549-4222-A8B1-DB1E801A164B}
	EndGlobalSection
EndGlobal
