
Microsoft Visual Studio Solution File, Format Version 12.00
# Visual Studio Version 16
VisualStudioVersion = 16.0.33027.164
MinimumVisualStudioVersion = 10.0.40219.1
Project("{FAE04EC0-301F-11D3-BF4B-00C04F79EFBC}") = "Aplicacion1", "Aplicacion1\Aplicacion1.csproj", "{D5D10304-7DDC-4E7A-9274-47E372AA84C1}"
EndProject
Project("{FAE04EC0-301F-11D3-BF4B-00C04F79EFBC}") = "Metodos", "Metodos\Metodos.csproj", "{6EA28706-F56E-4DE3-871A-BD569969ECFD}"
EndProject
Project("{FAE04EC0-301F-11D3-BF4B-00C04F79EFBC}") = "CondicionalF", "CondicionalF\CondicionalF.csproj", "{E317405B-7641-47D6-997D-F9D869EF2D2F}"
EndProject
Global
	GlobalSection(SolutionConfigurationPlatforms) = preSolution
		Debug|Any CPU = Debug|Any CPU
		Release|Any CPU = Release|Any CPU
	EndGlobalSection
	GlobalSection(ProjectConfigurationPlatforms) = postSolution
		{D5D10304-7DDC-4E7A-9274-47E372AA84C1}.Debug|Any CPU.ActiveCfg = Debug|Any CPU
		{D5D10304-7DDC-4E7A-9274-47E372AA84C1}.Debug|Any CPU.Build.0 = Debug|Any CPU
		{D5D10304-7DDC-4E7A-9274-47E372AA84C1}.Release|Any CPU.ActiveCfg = Release|Any CPU
		{D5D10304-7DDC-4E7A-9274-47E372AA84C1}.Release|Any CPU.Build.0 = Release|Any CPU
		{6EA28706-F56E-4DE3-871A-BD569969ECFD}.Debug|Any CPU.ActiveCfg = Debug|Any CPU
		{6EA28706-F56E-4DE3-871A-BD569969ECFD}.Debug|Any CPU.Build.0 = Debug|Any CPU
		{6EA28706-F56E-4DE3-871A-BD569969ECFD}.Release|Any CPU.ActiveCfg = Release|Any CPU
		{6EA28706-F56E-4DE3-871A-BD569969ECFD}.Release|Any CPU.Build.0 = Release|Any CPU
		{E317405B-7641-47D6-997D-F9D869EF2D2F}.Debug|Any CPU.ActiveCfg = Debug|Any CPU
		{E317405B-7641-47D6-997D-F9D869EF2D2F}.Debug|Any CPU.Build.0 = Debug|Any CPU
		{E317405B-7641-47D6-997D-F9D869EF2D2F}.Release|Any CPU.ActiveCfg = Release|Any CPU
		{E317405B-7641-47D6-997D-F9D869EF2D2F}.Release|Any CPU.Build.0 = Release|Any CPU
	EndGlobalSection
	GlobalSection(SolutionProperties) = preSolution
		HideSolutionNode = FALSE
	EndGlobalSection
	GlobalSection(ExtensibilityGlobals) = postSolution
		SolutionGuid = {C8775FC7-2549-4222-A8B1-DB1E801A164B}
	EndGlobalSection
EndGlobal
