
Microsoft Visual Studio Solution File, Format Version 12.00
# Visual Studio Version 16
VisualStudioVersion = 16.0.33027.164
MinimumVisualStudioVersion = 10.0.40219.1
Project("{FAE04EC0-301F-11D3-BF4B-00C04F79EFBC}") = "Aplicacion11", "Aplicacion11\Aplicacion11.csproj", "{860D0F3E-BF16-4A0F-9C5E-6FABBCAE40F3}"
EndProject
Project("{FAE04EC0-301F-11D3-BF4B-00C04F79EFBC}") = "EjemploThread1", "EjemploThread1\EjemploThread1.csproj", "{C3A66C35-428F-4C8A-B2BD-ACCCB79E930E}"
EndProject
Project("{FAE04EC0-301F-11D3-BF4B-00C04F79EFBC}") = "EjemploThread2", "EjemploThread2\EjemploThread2.csproj", "{F3183D3A-9F01-4575-98E3-7B32E055DF8F}"
EndProject
Project("{FAE04EC0-301F-11D3-BF4B-00C04F79EFBC}") = "EjemploThread3", "EjemploThread3\EjemploThread3.csproj", "{718BF593-554E-4C4F-84ED-AC0225D8E2E4}"
EndProject
Project("{FAE04EC0-301F-11D3-BF4B-00C04F79EFBC}") = "EjemploTask1", "EjemploTask1\EjemploTask1.csproj", "{B01300EE-DA62-4DC8-B933-D56E995AA1EB}"
EndProject
Project("{FAE04EC0-301F-11D3-BF4B-00C04F79EFBC}") = "EjemploParallel", "EjemploParallel\EjemploParallel.csproj", "{844AFACD-B60F-40D5-950F-8B25014BA0A1}"
EndProject
Project("{FAE04EC0-301F-11D3-BF4B-00C04F79EFBC}") = "EjemploTask2", "EjemploTask2\EjemploTask2.csproj", "{64E39071-7698-4922-A73D-3FB22B0AA8F2}"
EndProject
Global
	GlobalSection(SolutionConfigurationPlatforms) = preSolution
		Debug|Any CPU = Debug|Any CPU
		Release|Any CPU = Release|Any CPU
	EndGlobalSection
	GlobalSection(ProjectConfigurationPlatforms) = postSolution
		{860D0F3E-BF16-4A0F-9C5E-6FABBCAE40F3}.Debug|Any CPU.ActiveCfg = Debug|Any CPU
		{860D0F3E-BF16-4A0F-9C5E-6FABBCAE40F3}.Debug|Any CPU.Build.0 = Debug|Any CPU
		{860D0F3E-BF16-4A0F-9C5E-6FABBCAE40F3}.Release|Any CPU.ActiveCfg = Release|Any CPU
		{860D0F3E-BF16-4A0F-9C5E-6FABBCAE40F3}.Release|Any CPU.Build.0 = Release|Any CPU
		{C3A66C35-428F-4C8A-B2BD-ACCCB79E930E}.Debug|Any CPU.ActiveCfg = Debug|Any CPU
		{C3A66C35-428F-4C8A-B2BD-ACCCB79E930E}.Debug|Any CPU.Build.0 = Debug|Any CPU
		{C3A66C35-428F-4C8A-B2BD-ACCCB79E930E}.Release|Any CPU.ActiveCfg = Release|Any CPU
		{C3A66C35-428F-4C8A-B2BD-ACCCB79E930E}.Release|Any CPU.Build.0 = Release|Any CPU
		{F3183D3A-9F01-4575-98E3-7B32E055DF8F}.Debug|Any CPU.ActiveCfg = Debug|Any CPU
		{F3183D3A-9F01-4575-98E3-7B32E055DF8F}.Debug|Any CPU.Build.0 = Debug|Any CPU
		{F3183D3A-9F01-4575-98E3-7B32E055DF8F}.Release|Any CPU.ActiveCfg = Release|Any CPU
		{F3183D3A-9F01-4575-98E3-7B32E055DF8F}.Release|Any CPU.Build.0 = Release|Any CPU
		{718BF593-554E-4C4F-84ED-AC0225D8E2E4}.Debug|Any CPU.ActiveCfg = Debug|Any CPU
		{718BF593-554E-4C4F-84ED-AC0225D8E2E4}.Debug|Any CPU.Build.0 = Debug|Any CPU
		{718BF593-554E-4C4F-84ED-AC0225D8E2E4}.Release|Any CPU.ActiveCfg = Release|Any CPU
		{718BF593-554E-4C4F-84ED-AC0225D8E2E4}.Release|Any CPU.Build.0 = Release|Any CPU
		{B01300EE-DA62-4DC8-B933-D56E995AA1EB}.Debug|Any CPU.ActiveCfg = Debug|Any CPU
		{B01300EE-DA62-4DC8-B933-D56E995AA1EB}.Debug|Any CPU.Build.0 = Debug|Any CPU
		{B01300EE-DA62-4DC8-B933-D56E995AA1EB}.Release|Any CPU.ActiveCfg = Release|Any CPU
		{B01300EE-DA62-4DC8-B933-D56E995AA1EB}.Release|Any CPU.Build.0 = Release|Any CPU
		{844AFACD-B60F-40D5-950F-8B25014BA0A1}.Debug|Any CPU.ActiveCfg = Debug|Any CPU
		{844AFACD-B60F-40D5-950F-8B25014BA0A1}.Debug|Any CPU.Build.0 = Debug|Any CPU
		{844AFACD-B60F-40D5-950F-8B25014BA0A1}.Release|Any CPU.ActiveCfg = Release|Any CPU
		{844AFACD-B60F-40D5-950F-8B25014BA0A1}.Release|Any CPU.Build.0 = Release|Any CPU
		{64E39071-7698-4922-A73D-3FB22B0AA8F2}.Debug|Any CPU.ActiveCfg = Debug|Any CPU
		{64E39071-7698-4922-A73D-3FB22B0AA8F2}.Debug|Any CPU.Build.0 = Debug|Any CPU
		{64E39071-7698-4922-A73D-3FB22B0AA8F2}.Release|Any CPU.ActiveCfg = Release|Any CPU
		{64E39071-7698-4922-A73D-3FB22B0AA8F2}.Release|Any CPU.Build.0 = Release|Any CPU
	EndGlobalSection
	GlobalSection(SolutionProperties) = preSolution
		HideSolutionNode = FALSE
	EndGlobalSection
	GlobalSection(ExtensibilityGlobals) = postSolution
		SolutionGuid = {CF053623-A413-48A2-AD3C-EA8F818783C0}
	EndGlobalSection
EndGlobal
