
Microsoft Visual Studio Solution File, Format Version 12.00
# Visual Studio Version 16
VisualStudioVersion = 16.0.33027.164
MinimumVisualStudioVersion = 10.0.40219.1
Project("{FAE04EC0-301F-11D3-BF4B-00C04F79EFBC}") = "Aplicacion6", "Aplicacion6\Aplicacion6.csproj", "{928944D6-98FD-447D-A751-0961ADEEEC47}"
EndProject
Global
	GlobalSection(SolutionConfigurationPlatforms) = preSolution
		Debug|Any CPU = Debug|Any CPU
		Release|Any CPU = Release|Any CPU
	EndGlobalSection
	GlobalSection(ProjectConfigurationPlatforms) = postSolution
		{928944D6-98FD-447D-A751-0961ADEEEC47}.Debug|Any CPU.ActiveCfg = Debug|Any CPU
		{928944D6-98FD-447D-A751-0961ADEEEC47}.Debug|Any CPU.Build.0 = Debug|Any CPU
		{928944D6-98FD-447D-A751-0961ADEEEC47}.Release|Any CPU.ActiveCfg = Release|Any CPU
		{928944D6-98FD-447D-A751-0961ADEEEC47}.Release|Any CPU.Build.0 = Release|Any CPU
	EndGlobalSection
	GlobalSection(SolutionProperties) = preSolution
		HideSolutionNode = FALSE
	EndGlobalSection
	GlobalSection(ExtensibilityGlobals) = postSolution
		SolutionGuid = {233AA259-E668-448A-8AFC-B4B582104634}
	EndGlobalSection
EndGlobal
