
Microsoft Visual Studio Solution File, Format Version 12.00
# Visual Studio Version 16
VisualStudioVersion = 16.0.33027.164
MinimumVisualStudioVersion = 10.0.40219.1
Project("{FAE04EC0-301F-11D3-BF4B-00C04F79EFBC}") = "Aplicacion9", "Aplicacion9\Aplicacion9.csproj", "{9F37037F-CAEA-49CE-97D6-3CAC98F484E6}"
EndProject
Global
	GlobalSection(SolutionConfigurationPlatforms) = preSolution
		Debug|Any CPU = Debug|Any CPU
		Release|Any CPU = Release|Any CPU
	EndGlobalSection
	GlobalSection(ProjectConfigurationPlatforms) = postSolution
		{9F37037F-CAEA-49CE-97D6-3CAC98F484E6}.Debug|Any CPU.ActiveCfg = Debug|Any CPU
		{9F37037F-CAEA-49CE-97D6-3CAC98F484E6}.Debug|Any CPU.Build.0 = Debug|Any CPU
		{9F37037F-CAEA-49CE-97D6-3CAC98F484E6}.Release|Any CPU.ActiveCfg = Release|Any CPU
		{9F37037F-CAEA-49CE-97D6-3CAC98F484E6}.Release|Any CPU.Build.0 = Release|Any CPU
	EndGlobalSection
	GlobalSection(SolutionProperties) = preSolution
		HideSolutionNode = FALSE
	EndGlobalSection
	GlobalSection(ExtensibilityGlobals) = postSolution
		SolutionGuid = {D7ADA558-14C9-4CFB-82B6-1BEF716C3550}
	EndGlobalSection
EndGlobal
