
Microsoft Visual Studio Solution File, Format Version 12.00
# Visual Studio Version 16
VisualStudioVersion = 16.0.33027.164
MinimumVisualStudioVersion = 10.0.40219.1
Project("{FAE04EC0-301F-11D3-BF4B-00C04F79EFBC}") = "Aplicacion5", "Aplicacion5\Aplicacion5.csproj", "{B7735DE1-E09F-4543-8F0F-39E4EFF8E3CB}"
EndProject
Global
	GlobalSection(SolutionConfigurationPlatforms) = preSolution
		Debug|Any CPU = Debug|Any CPU
		Release|Any CPU = Release|Any CPU
	EndGlobalSection
	GlobalSection(ProjectConfigurationPlatforms) = postSolution
		{B7735DE1-E09F-4543-8F0F-39E4EFF8E3CB}.Debug|Any CPU.ActiveCfg = Debug|Any CPU
		{B7735DE1-E09F-4543-8F0F-39E4EFF8E3CB}.Debug|Any CPU.Build.0 = Debug|Any CPU
		{B7735DE1-E09F-4543-8F0F-39E4EFF8E3CB}.Release|Any CPU.ActiveCfg = Release|Any CPU
		{B7735DE1-E09F-4543-8F0F-39E4EFF8E3CB}.Release|Any CPU.Build.0 = Release|Any CPU
	EndGlobalSection
	GlobalSection(SolutionProperties) = preSolution
		HideSolutionNode = FALSE
	EndGlobalSection
	GlobalSection(ExtensibilityGlobals) = postSolution
		SolutionGuid = {F18B1BF7-E91D-45F2-8FC2-441D42D95AF7}
	EndGlobalSection
EndGlobal
