
Microsoft Visual Studio Solution File, Format Version 12.00
# Visual Studio Version 16
VisualStudioVersion = 16.0.33027.164
MinimumVisualStudioVersion = 10.0.40219.1
Project("{FAE04EC0-301F-11D3-BF4B-00C04F79EFBC}") = "Aplicacion3", "Aplicacion3\Aplicacion3.csproj", "{AE675562-06B6-47C8-9184-942BC122C89F}"
EndProject
Global
	GlobalSection(SolutionConfigurationPlatforms) = preSolution
		Debug|Any CPU = Debug|Any CPU
		Release|Any CPU = Release|Any CPU
	EndGlobalSection
	GlobalSection(ProjectConfigurationPlatforms) = postSolution
		{AE675562-06B6-47C8-9184-942BC122C89F}.Debug|Any CPU.ActiveCfg = Debug|Any CPU
		{AE675562-06B6-47C8-9184-942BC122C89F}.Debug|Any CPU.Build.0 = Debug|Any CPU
		{AE675562-06B6-47C8-9184-942BC122C89F}.Release|Any CPU.ActiveCfg = Release|Any CPU
		{AE675562-06B6-47C8-9184-942BC122C89F}.Release|Any CPU.Build.0 = Release|Any CPU
	EndGlobalSection
	GlobalSection(SolutionProperties) = preSolution
		HideSolutionNode = FALSE
	EndGlobalSection
	GlobalSection(ExtensibilityGlobals) = postSolution
		SolutionGuid = {34B9E303-3496-46B9-9F43-D951A490CAA8}
	EndGlobalSection
EndGlobal
